
Microsoft Visual Studio Solution File, Format Version 12.00
# Visual Studio Version 17
VisualStudioVersion = 17.3.32825.248
MinimumVisualStudioVersion = 10.0.40219.1
Project("{9A19103F-16F7-4668-BE54-9A1E7A4F7556}") = "2pk2_KurlaevNikita", "2pk2_KurlaevNikita\2pk2_KurlaevNikita.csproj", "{93A149F6-CC8C-427A-819B-527239A5E390}"
EndProject
Project("{9A19103F-16F7-4668-BE54-9A1E7A4F7556}") = "pz6", "pz6\pz6.csproj", "{BDE81C02-B5D3-4518-A172-166B8B564804}"
EndProject
Project("{9A19103F-16F7-4668-BE54-9A1E7A4F7556}") = "pz7", "pz7\pz7.csproj", "{670B26E6-3268-490E-A4F4-412A240BF791}"
EndProject
Project("{9A19103F-16F7-4668-BE54-9A1E7A4F7556}") = "pz19", "pz19\pz19.csproj", "{0952A6D7-00AC-46F8-9C55-C25BCC0AB504}"
EndProject
Project("{9A19103F-16F7-4668-BE54-9A1E7A4F7556}") = "pz15", "pz15\pz15.csproj", "{95D954B8-EEE3-4CBA-B33B-B918576184C2}"
EndProject
Project("{9A19103F-16F7-4668-BE54-9A1E7A4F7556}") = "pz16", "pz16\pz16.csproj", "{26C1D07D-71CC-47BE-B6A0-E999AB80759E}"
EndProject
Project("{9A19103F-16F7-4668-BE54-9A1E7A4F7556}") = "pz22", "pz22\pz22.csproj", "{DC4BCA3F-D585-4B43-9721-EF2294C95FED}"
EndProject
Project("{9A19103F-16F7-4668-BE54-9A1E7A4F7556}") = "pz21", "pz21\pz21.csproj", "{E1C75C7B-A479-476A-BD05-F93C48F56865}"
EndProject
Project("{9A19103F-16F7-4668-BE54-9A1E7A4F7556}") = "pz23", "pz23\pz23.csproj", "{004A611B-851D-45AB-9C3D-083F6902834D}"
EndProject
Project("{9A19103F-16F7-4668-BE54-9A1E7A4F7556}") = "pz26", "pz26\pz26.csproj", "{81C97F93-B20A-4FAF-BB6C-0BE7AB414003}"
EndProject
Project("{FAE04EC0-301F-11D3-BF4B-00C04F79EFBC}") = "pz25", "pz25\pz25.csproj", "{0AD03A02-2AEE-4461-9018-97DBA12A8DA5}"
EndProject
Global
	GlobalSection(SolutionConfigurationPlatforms) = preSolution
		Debug|Any CPU = Debug|Any CPU
		Release|Any CPU = Release|Any CPU
	EndGlobalSection
	GlobalSection(ProjectConfigurationPlatforms) = postSolution
		{93A149F6-CC8C-427A-819B-527239A5E390}.Debug|Any CPU.ActiveCfg = Debug|Any CPU
		{93A149F6-CC8C-427A-819B-527239A5E390}.Debug|Any CPU.Build.0 = Debug|Any CPU
		{93A149F6-CC8C-427A-819B-527239A5E390}.Release|Any CPU.ActiveCfg = Release|Any CPU
		{93A149F6-CC8C-427A-819B-527239A5E390}.Release|Any CPU.Build.0 = Release|Any CPU
		{BDE81C02-B5D3-4518-A172-166B8B564804}.Debug|Any CPU.ActiveCfg = Debug|Any CPU
		{BDE81C02-B5D3-4518-A172-166B8B564804}.Debug|Any CPU.Build.0 = Debug|Any CPU
		{BDE81C02-B5D3-4518-A172-166B8B564804}.Release|Any CPU.ActiveCfg = Release|Any CPU
		{BDE81C02-B5D3-4518-A172-166B8B564804}.Release|Any CPU.Build.0 = Release|Any CPU
		{670B26E6-3268-490E-A4F4-412A240BF791}.Debug|Any CPU.ActiveCfg = Debug|Any CPU
		{670B26E6-3268-490E-A4F4-412A240BF791}.Debug|Any CPU.Build.0 = Debug|Any CPU
		{670B26E6-3268-490E-A4F4-412A240BF791}.Release|Any CPU.ActiveCfg = Release|Any CPU
		{670B26E6-3268-490E-A4F4-412A240BF791}.Release|Any CPU.Build.0 = Release|Any CPU
		{0952A6D7-00AC-46F8-9C55-C25BCC0AB504}.Debug|Any CPU.ActiveCfg = Debug|Any CPU
		{0952A6D7-00AC-46F8-9C55-C25BCC0AB504}.Debug|Any CPU.Build.0 = Debug|Any CPU
		{0952A6D7-00AC-46F8-9C55-C25BCC0AB504}.Release|Any CPU.ActiveCfg = Release|Any CPU
		{0952A6D7-00AC-46F8-9C55-C25BCC0AB504}.Release|Any CPU.Build.0 = Release|Any CPU
		{95D954B8-EEE3-4CBA-B33B-B918576184C2}.Debug|Any CPU.ActiveCfg = Debug|Any CPU
		{95D954B8-EEE3-4CBA-B33B-B918576184C2}.Debug|Any CPU.Build.0 = Debug|Any CPU
		{95D954B8-EEE3-4CBA-B33B-B918576184C2}.Release|Any CPU.ActiveCfg = Release|Any CPU
		{95D954B8-EEE3-4CBA-B33B-B918576184C2}.Release|Any CPU.Build.0 = Release|Any CPU
		{26C1D07D-71CC-47BE-B6A0-E999AB80759E}.Debug|Any CPU.ActiveCfg = Debug|Any CPU
		{26C1D07D-71CC-47BE-B6A0-E999AB80759E}.Debug|Any CPU.Build.0 = Debug|Any CPU
		{26C1D07D-71CC-47BE-B6A0-E999AB80759E}.Release|Any CPU.ActiveCfg = Release|Any CPU
		{26C1D07D-71CC-47BE-B6A0-E999AB80759E}.Release|Any CPU.Build.0 = Release|Any CPU
		{DC4BCA3F-D585-4B43-9721-EF2294C95FED}.Debug|Any CPU.ActiveCfg = Debug|Any CPU
		{DC4BCA3F-D585-4B43-9721-EF2294C95FED}.Debug|Any CPU.Build.0 = Debug|Any CPU
		{DC4BCA3F-D585-4B43-9721-EF2294C95FED}.Release|Any CPU.ActiveCfg = Release|Any CPU
		{DC4BCA3F-D585-4B43-9721-EF2294C95FED}.Release|Any CPU.Build.0 = Release|Any CPU
		{E1C75C7B-A479-476A-BD05-F93C48F56865}.Debug|Any CPU.ActiveCfg = Debug|Any CPU
		{E1C75C7B-A479-476A-BD05-F93C48F56865}.Debug|Any CPU.Build.0 = Debug|Any CPU
		{E1C75C7B-A479-476A-BD05-F93C48F56865}.Release|Any CPU.ActiveCfg = Release|Any CPU
		{E1C75C7B-A479-476A-BD05-F93C48F56865}.Release|Any CPU.Build.0 = Release|Any CPU
		{004A611B-851D-45AB-9C3D-083F6902834D}.Debug|Any CPU.ActiveCfg = Debug|Any CPU
		{004A611B-851D-45AB-9C3D-083F6902834D}.Debug|Any CPU.Build.0 = Debug|Any CPU
		{004A611B-851D-45AB-9C3D-083F6902834D}.Release|Any CPU.ActiveCfg = Release|Any CPU
		{004A611B-851D-45AB-9C3D-083F6902834D}.Release|Any CPU.Build.0 = Release|Any CPU
		{81C97F93-B20A-4FAF-BB6C-0BE7AB414003}.Debug|Any CPU.ActiveCfg = Debug|Any CPU
		{81C97F93-B20A-4FAF-BB6C-0BE7AB414003}.Debug|Any CPU.Build.0 = Debug|Any CPU
		{81C97F93-B20A-4FAF-BB6C-0BE7AB414003}.Release|Any CPU.ActiveCfg = Release|Any CPU
		{81C97F93-B20A-4FAF-BB6C-0BE7AB414003}.Release|Any CPU.Build.0 = Release|Any CPU
		{0AD03A02-2AEE-4461-9018-97DBA12A8DA5}.Debug|Any CPU.ActiveCfg = Debug|Any CPU
		{0AD03A02-2AEE-4461-9018-97DBA12A8DA5}.Debug|Any CPU.Build.0 = Debug|Any CPU
		{0AD03A02-2AEE-4461-9018-97DBA12A8DA5}.Release|Any CPU.ActiveCfg = Release|Any CPU
		{0AD03A02-2AEE-4461-9018-97DBA12A8DA5}.Release|Any CPU.Build.0 = Release|Any CPU
	EndGlobalSection
	GlobalSection(SolutionProperties) = preSolution
		HideSolutionNode = FALSE
	EndGlobalSection
	GlobalSection(ExtensibilityGlobals) = postSolution
		SolutionGuid = {1A6DC5DD-963A-4AB7-9653-10149CE93B1F}
	EndGlobalSection
EndGlobal
