
Microsoft Visual Studio Solution File, Format Version 12.00
# Visual Studio Version 17
VisualStudioVersion = 17.3.32825.248
MinimumVisualStudioVersion = 10.0.40219.1
Project("{9A19103F-16F7-4668-BE54-9A1E7A4F7556}") = "2pk2_KurlaevNikita", "2pk2_KurlaevNikita\2pk2_KurlaevNikita.csproj", "{93A149F6-CC8C-427A-819B-527239A5E390}"
EndProject
Project("{FAE04EC0-301F-11D3-BF4B-00C04F79EFBC}") = "pz6", "pz6\pz6.csproj", "{BDE81C02-B5D3-4518-A172-166B8B564804}"
EndProject
Global
	GlobalSection(SolutionConfigurationPlatforms) = preSolution
		Debug|Any CPU = Debug|Any CPU
		Release|Any CPU = Release|Any CPU
	EndGlobalSection
	GlobalSection(ProjectConfigurationPlatforms) = postSolution
		{93A149F6-CC8C-427A-819B-527239A5E390}.Debug|Any CPU.ActiveCfg = Debug|Any CPU
		{93A149F6-CC8C-427A-819B-527239A5E390}.Debug|Any CPU.Build.0 = Debug|Any CPU
		{93A149F6-CC8C-427A-819B-527239A5E390}.Release|Any CPU.ActiveCfg = Release|Any CPU
		{93A149F6-CC8C-427A-819B-527239A5E390}.Release|Any CPU.Build.0 = Release|Any CPU
		{BDE81C02-B5D3-4518-A172-166B8B564804}.Debug|Any CPU.ActiveCfg = Debug|Any CPU
		{BDE81C02-B5D3-4518-A172-166B8B564804}.Debug|Any CPU.Build.0 = Debug|Any CPU
		{BDE81C02-B5D3-4518-A172-166B8B564804}.Release|Any CPU.ActiveCfg = Release|Any CPU
		{BDE81C02-B5D3-4518-A172-166B8B564804}.Release|Any CPU.Build.0 = Release|Any CPU
	EndGlobalSection
	GlobalSection(SolutionProperties) = preSolution
		HideSolutionNode = FALSE
	EndGlobalSection
	GlobalSection(ExtensibilityGlobals) = postSolution
		SolutionGuid = {1A6DC5DD-963A-4AB7-9653-10149CE93B1F}
	EndGlobalSection
EndGlobal
